// !$*UTF8*$!
{
	archiveVersion = 1;
	classes = {
	};
	objectVersion = 50;
	objects = {

/* Begin PBXBuildFile section */
		3BC303EAD4F0CF70F1C27A43 /* Pods_Ticketco.framework in Frameworks */ = {isa = PBXBuildFile; fileRef = 44702481C94BB88043132038 /* Pods_Ticketco.framework */; };
		76FD3D282096FCCA005657FB /* AppDelegate.swift in Sources */ = {isa = PBXBuildFile; fileRef = 76FD3D272096FCCA005657FB /* AppDelegate.swift */; };
		76FD3D2A2096FCCA005657FB /* ViewController.swift in Sources */ = {isa = PBXBuildFile; fileRef = 76FD3D292096FCCA005657FB /* ViewController.swift */; };
		76FD3D2D2096FCCA005657FB /* Main.storyboard in Resources */ = {isa = PBXBuildFile; fileRef = 76FD3D2B2096FCCA005657FB /* Main.storyboard */; };
		76FD3D2F2096FCCB005657FB /* Assets.xcassets in Resources */ = {isa = PBXBuildFile; fileRef = 76FD3D2E2096FCCB005657FB /* Assets.xcassets */; };
		76FD3D322096FCCB005657FB /* LaunchScreen.storyboard in Resources */ = {isa = PBXBuildFile; fileRef = 76FD3D302096FCCB005657FB /* LaunchScreen.storyboard */; };
		76FD3D3B209705A5005657FB /* TicketcoServerManager.swift in Sources */ = {isa = PBXBuildFile; fileRef = 76FD3D3A209705A5005657FB /* TicketcoServerManager.swift */; };
/* End PBXBuildFile section */

/* Begin PBXFileReference section */
		0752F2C7B510F05A1F244F76 /* Pods-Ticketco.debug.xcconfig */ = {isa = PBXFileReference; includeInIndex = 1; lastKnownFileType = text.xcconfig; name = "Pods-Ticketco.debug.xcconfig"; path = "Pods/Target Support Files/Pods-Ticketco/Pods-Ticketco.debug.xcconfig"; sourceTree = "<group>"; };
		44702481C94BB88043132038 /* Pods_Ticketco.framework */ = {isa = PBXFileReference; explicitFileType = wrapper.framework; includeInIndex = 0; path = Pods_Ticketco.framework; sourceTree = BUILT_PRODUCTS_DIR; };
		64E07363F44206F70167D19A /* Pods-Ticketco.release.xcconfig */ = {isa = PBXFileReference; includeInIndex = 1; lastKnownFileType = text.xcconfig; name = "Pods-Ticketco.release.xcconfig"; path = "Pods/Target Support Files/Pods-Ticketco/Pods-Ticketco.release.xcconfig"; sourceTree = "<group>"; };
		76FD3D242096FCCA005657FB /* Ticketco.app */ = {isa = PBXFileReference; explicitFileType = wrapper.application; includeInIndex = 0; path = Ticketco.app; sourceTree = BUILT_PRODUCTS_DIR; };
		76FD3D272096FCCA005657FB /* AppDelegate.swift */ = {isa = PBXFileReference; lastKnownFileType = sourcecode.swift; path = AppDelegate.swift; sourceTree = "<group>"; };
		76FD3D292096FCCA005657FB /* ViewController.swift */ = {isa = PBXFileReference; lastKnownFileType = sourcecode.swift; path = ViewController.swift; sourceTree = "<group>"; };
		76FD3D2C2096FCCA005657FB /* Base */ = {isa = PBXFileReference; lastKnownFileType = file.storyboard; name = Base; path = Base.lproj/Main.storyboard; sourceTree = "<group>"; };
		76FD3D2E2096FCCB005657FB /* Assets.xcassets */ = {isa = PBXFileReference; lastKnownFileType = folder.assetcatalog; path = Assets.xcassets; sourceTree = "<group>"; };
		76FD3D312096FCCB005657FB /* Base */ = {isa = PBXFileReference; lastKnownFileType = file.storyboard; name = Base; path = Base.lproj/LaunchScreen.storyboard; sourceTree = "<group>"; };
		76FD3D332096FCCB005657FB /* Info.plist */ = {isa = PBXFileReference; lastKnownFileType = text.plist.xml; path = Info.plist; sourceTree = "<group>"; };
		76FD3D3A209705A5005657FB /* TicketcoServerManager.swift */ = {isa = PBXFileReference; lastKnownFileType = sourcecode.swift; path = TicketcoServerManager.swift; sourceTree = "<group>"; };
/* End PBXFileReference section */

/* Begin PBXFrameworksBuildPhase section */
		76FD3D212096FCCA005657FB /* Frameworks */ = {
			isa = PBXFrameworksBuildPhase;
			buildActionMask = 2147483647;
			files = (
				3BC303EAD4F0CF70F1C27A43 /* Pods_Ticketco.framework in Frameworks */,
			);
			runOnlyForDeploymentPostprocessing = 0;
		};
/* End PBXFrameworksBuildPhase section */

/* Begin PBXGroup section */
		36C28CAB8033FE375662D801 /* Pods */ = {
			isa = PBXGroup;
			children = (
				0752F2C7B510F05A1F244F76 /* Pods-Ticketco.debug.xcconfig */,
				64E07363F44206F70167D19A /* Pods-Ticketco.release.xcconfig */,
			);
			name = Pods;
			sourceTree = "<group>";
		};
		5318022FBD48709D76B9002A /* Frameworks */ = {
			isa = PBXGroup;
			children = (
				44702481C94BB88043132038 /* Pods_Ticketco.framework */,
			);
			name = Frameworks;
			sourceTree = "<group>";
		};
		76FD3D1B2096FCC9005657FB = {
			isa = PBXGroup;
			children = (
				76FD3D262096FCCA005657FB /* Ticketco */,
				76FD3D252096FCCA005657FB /* Products */,
				36C28CAB8033FE375662D801 /* Pods */,
				5318022FBD48709D76B9002A /* Frameworks */,
			);
			sourceTree = "<group>";
		};
		76FD3D252096FCCA005657FB /* Products */ = {
			isa = PBXGroup;
			children = (
				76FD3D242096FCCA005657FB /* Ticketco.app */,
			);
			name = Products;
			sourceTree = "<group>";
		};
		76FD3D262096FCCA005657FB /* Ticketco */ = {
			isa = PBXGroup;
			children = (
				76FD3D3920970584005657FB /* API */,
				76FD3D272096FCCA005657FB /* AppDelegate.swift */,
				76FD3D292096FCCA005657FB /* ViewController.swift */,
				76FD3D2B2096FCCA005657FB /* Main.storyboard */,
				76FD3D2E2096FCCB005657FB /* Assets.xcassets */,
				76FD3D302096FCCB005657FB /* LaunchScreen.storyboard */,
				76FD3D332096FCCB005657FB /* Info.plist */,
			);
			path = Ticketco;
			sourceTree = "<group>";
		};
		76FD3D3920970584005657FB /* API */ = {
			isa = PBXGroup;
			children = (
				76FD3D3A209705A5005657FB /* TicketcoServerManager.swift */,
			);
			path = API;
			sourceTree = "<group>";
		};
/* End PBXGroup section */

/* Begin PBXNativeTarget section */
		76FD3D232096FCCA005657FB /* Ticketco */ = {
			isa = PBXNativeTarget;
			buildConfigurationList = 76FD3D362096FCCB005657FB /* Build configuration list for PBXNativeTarget "Ticketco" */;
			buildPhases = (
				1A69758FA0D3070D8CD35D93 /* [CP] Check Pods Manifest.lock */,
				76FD3D202096FCCA005657FB /* Sources */,
				76FD3D212096FCCA005657FB /* Frameworks */,
				76FD3D222096FCCA005657FB /* Resources */,
				92CAFC3392EF331D9A301ECB /* [CP] Embed Pods Frameworks */,
				7684EDE620970E320023C216 /* ShellScript */,
			);
			buildRules = (
			);
			dependencies = (
			);
			name = Ticketco;
			productName = Ticketco;
			productReference = 76FD3D242096FCCA005657FB /* Ticketco.app */;
			productType = "com.apple.product-type.application";
		};
/* End PBXNativeTarget section */

/* Begin PBXProject section */
		76FD3D1C2096FCCA005657FB /* Project object */ = {
			isa = PBXProject;
			attributes = {
				LastSwiftUpdateCheck = 0930;
				LastUpgradeCheck = 0930;
				ORGANIZATIONNAME = "Roxane Markhyvka";
				TargetAttributes = {
					76FD3D232096FCCA005657FB = {
						CreatedOnToolsVersion = 9.3;
					};
				};
			};
			buildConfigurationList = 76FD3D1F2096FCCA005657FB /* Build configuration list for PBXProject "Ticketco" */;
			compatibilityVersion = "Xcode 9.3";
			developmentRegion = en;
			hasScannedForEncodings = 0;
			knownRegions = (
				en,
				Base,
			);
			mainGroup = 76FD3D1B2096FCC9005657FB;
			productRefGroup = 76FD3D252096FCCA005657FB /* Products */;
			projectDirPath = "";
			projectRoot = "";
			targets = (
				76FD3D232096FCCA005657FB /* Ticketco */,
			);
		};
/* End PBXProject section */

/* Begin PBXResourcesBuildPhase section */
		76FD3D222096FCCA005657FB /* Resources */ = {
			isa = PBXResourcesBuildPhase;
			buildActionMask = 2147483647;
			files = (
				76FD3D322096FCCB005657FB /* LaunchScreen.storyboard in Resources */,
				76FD3D2F2096FCCB005657FB /* Assets.xcassets in Resources */,
				76FD3D2D2096FCCA005657FB /* Main.storyboard in Resources */,
			);
			runOnlyForDeploymentPostprocessing = 0;
		};
/* End PBXResourcesBuildPhase section */

/* Begin PBXShellScriptBuildPhase section */
		1A69758FA0D3070D8CD35D93 /* [CP] Check Pods Manifest.lock */ = {
			isa = PBXShellScriptBuildPhase;
			buildActionMask = 2147483647;
			files = (
			);
			inputPaths = (
				"${PODS_PODFILE_DIR_PATH}/Podfile.lock",
				"${PODS_ROOT}/Manifest.lock",
			);
			name = "[CP] Check Pods Manifest.lock";
			outputPaths = (
				"$(DERIVED_FILE_DIR)/Pods-Ticketco-checkManifestLockResult.txt",
			);
			runOnlyForDeploymentPostprocessing = 0;
			shellPath = /bin/sh;
			shellScript = "diff \"${PODS_PODFILE_DIR_PATH}/Podfile.lock\" \"${PODS_ROOT}/Manifest.lock\" > /dev/null\nif [ $? != 0 ] ; then\n    # print error to STDERR\n    echo \"error: The sandbox is not in sync with the Podfile.lock. Run 'pod install' or update your CocoaPods installation.\" >&2\n    exit 1\nfi\n# This output is used by Xcode 'outputs' to avoid re-running this script phase.\necho \"SUCCESS\" > \"${SCRIPT_OUTPUT_FILE_0}\"\n";
			showEnvVarsInLog = 0;
		};
		7684EDE620970E320023C216 /* ShellScript */ = {
			isa = PBXShellScriptBuildPhase;
			buildActionMask = 2147483647;
			files = (
			);
			inputPaths = (
			);
			outputPaths = (
			);
			runOnlyForDeploymentPostprocessing = 0;
			shellPath = /bin/sh;
			shellScript = "if which swiftlint >/dev/null; then\nswiftlint autocorrect\nswiftlint\nelse\necho \"warning: SwiftLint not installed, download from https://github.com/realm/SwiftLint\"\nfi\n";
			showEnvVarsInLog = 0;
		};
		92CAFC3392EF331D9A301ECB /* [CP] Embed Pods Frameworks */ = {
			isa = PBXShellScriptBuildPhase;
			buildActionMask = 2147483647;
			files = (
			);
			inputPaths = (
				"${SRCROOT}/Pods/Target Support Files/Pods-Ticketco/Pods-Ticketco-frameworks.sh",
				"${BUILT_PRODUCTS_DIR}/Alamofire/Alamofire.framework",
				"${BUILT_PRODUCTS_DIR}/RxAlamofire/RxAlamofire.framework",
				"${BUILT_PRODUCTS_DIR}/RxCocoa/RxCocoa.framework",
				"${BUILT_PRODUCTS_DIR}/RxSwift/RxSwift.framework",
				"${BUILT_PRODUCTS_DIR}/SwiftyJSON/SwiftyJSON.framework",
			);
			name = "[CP] Embed Pods Frameworks";
			outputPaths = (
				"${TARGET_BUILD_DIR}/${FRAMEWORKS_FOLDER_PATH}/Alamofire.framework",
				"${TARGET_BUILD_DIR}/${FRAMEWORKS_FOLDER_PATH}/RxAlamofire.framework",
				"${TARGET_BUILD_DIR}/${FRAMEWORKS_FOLDER_PATH}/RxCocoa.framework",
				"${TARGET_BUILD_DIR}/${FRAMEWORKS_FOLDER_PATH}/RxSwift.framework",
				"${TARGET_BUILD_DIR}/${FRAMEWORKS_FOLDER_PATH}/SwiftyJSON.framework",
			);
			runOnlyForDeploymentPostprocessing = 0;
			shellPath = /bin/sh;
			shellScript = "\"${SRCROOT}/Pods/Target Support Files/Pods-Ticketco/Pods-Ticketco-frameworks.sh\"\n";
			showEnvVarsInLog = 0;
		};
/* End PBXShellScriptBuildPhase section */

/* Begin PBXSourcesBuildPhase section */
		76FD3D202096FCCA005657FB /* Sources */ = {
			isa = PBXSourcesBuildPhase;
			buildActionMask = 2147483647;
			files = (
				76FD3D3B209705A5005657FB /* TicketcoServerManager.swift in Sources */,
				76FD3D2A2096FCCA005657FB /* ViewController.swift in Sources */,
				76FD3D282096FCCA005657FB /* AppDelegate.swift in Sources */,
			);
			runOnlyForDeploymentPostprocessing = 0;
		};
/* End PBXSourcesBuildPhase section */

/* Begin PBXVariantGroup section */
		76FD3D2B2096FCCA005657FB /* Main.storyboard */ = {
			isa = PBXVariantGroup;
			children = (
				76FD3D2C2096FCCA005657FB /* Base */,
			);
			name = Main.storyboard;
			sourceTree = "<group>";
		};
		76FD3D302096FCCB005657FB /* LaunchScreen.storyboard */ = {
			isa = PBXVariantGroup;
			children = (
				76FD3D312096FCCB005657FB /* Base */,
			);
			name = LaunchScreen.storyboard;
			sourceTree = "<group>";
		};
/* End PBXVariantGroup section */

/* Begin XCBuildConfiguration section */
		76FD3D342096FCCB005657FB /* Debug */ = {
			isa = XCBuildConfiguration;
			buildSettings = {
				ALWAYS_SEARCH_USER_PATHS = NO;
				CLANG_ANALYZER_NONNULL = YES;
				CLANG_ANALYZER_NUMBER_OBJECT_CONVERSION = YES_AGGRESSIVE;
				CLANG_CXX_LANGUAGE_STANDARD = "gnu++14";
				CLANG_CXX_LIBRARY = "libc++";
				CLANG_ENABLE_MODULES = YES;
				CLANG_ENABLE_OBJC_ARC = YES;
				CLANG_ENABLE_OBJC_WEAK = YES;
				CLANG_WARN_BLOCK_CAPTURE_AUTORELEASING = YES;
				CLANG_WARN_BOOL_CONVERSION = YES;
				CLANG_WARN_COMMA = YES;
				CLANG_WARN_CONSTANT_CONVERSION = YES;
				CLANG_WARN_DEPRECATED_OBJC_IMPLEMENTATIONS = YES;
				CLANG_WARN_DIRECT_OBJC_ISA_USAGE = YES_ERROR;
				CLANG_WARN_DOCUMENTATION_COMMENTS = YES;
				CLANG_WARN_EMPTY_BODY = YES;
				CLANG_WARN_ENUM_CONVERSION = YES;
				CLANG_WARN_INFINITE_RECURSION = YES;
				CLANG_WARN_INT_CONVERSION = YES;
				CLANG_WARN_NON_LITERAL_NULL_CONVERSION = YES;
				CLANG_WARN_OBJC_IMPLICIT_RETAIN_SELF = YES;
				CLANG_WARN_OBJC_LITERAL_CONVERSION = YES;
				CLANG_WARN_OBJC_ROOT_CLASS = YES_ERROR;
				CLANG_WARN_RANGE_LOOP_ANALYSIS = YES;
				CLANG_WARN_STRICT_PROTOTYPES = YES;
				CLANG_WARN_SUSPICIOUS_MOVE = YES;
				CLANG_WARN_UNGUARDED_AVAILABILITY = YES_AGGRESSIVE;
				CLANG_WARN_UNREACHABLE_CODE = YES;
				CLANG_WARN__DUPLICATE_METHOD_MATCH = YES;
				CODE_SIGN_IDENTITY = "iPhone Developer";
				COPY_PHASE_STRIP = NO;
				DEBUG_INFORMATION_FORMAT = dwarf;
				ENABLE_STRICT_OBJC_MSGSEND = YES;
				ENABLE_TESTABILITY = YES;
				GCC_C_LANGUAGE_STANDARD = gnu11;
				GCC_DYNAMIC_NO_PIC = NO;
				GCC_NO_COMMON_BLOCKS = YES;
				GCC_OPTIMIZATION_LEVEL = 0;
				GCC_PREPROCESSOR_DEFINITIONS = (
					"DEBUG=1",
					"$(inherited)",
				);
				GCC_WARN_64_TO_32_BIT_CONVERSION = YES;
				GCC_WARN_ABOUT_RETURN_TYPE = YES_ERROR;
				GCC_WARN_UNDECLARED_SELECTOR = YES;
				GCC_WARN_UNINITIALIZED_AUTOS = YES_AGGRESSIVE;
				GCC_WARN_UNUSED_FUNCTION = YES;
				GCC_WARN_UNUSED_VARIABLE = YES;
				IPHONEOS_DEPLOYMENT_TARGET = 11.3;
				MTL_ENABLE_DEBUG_INFO = YES;
				ONLY_ACTIVE_ARCH = YES;
				SDKROOT = iphoneos;
				SWIFT_ACTIVE_COMPILATION_CONDITIONS = DEBUG;
				SWIFT_OPTIMIZATION_LEVEL = "-Onone";
			};
			name = Debug;
		};
		76FD3D352096FCCB005657FB /* Release */ = {
			isa = XCBuildConfiguration;
			buildSettings = {
				ALWAYS_SEARCH_USER_PATHS = NO;
				CLANG_ANALYZER_NONNULL = YES;
				CLANG_ANALYZER_NUMBER_OBJECT_CONVERSION = YES_AGGRESSIVE;
				CLANG_CXX_LANGUAGE_STANDARD = "gnu++14";
				CLANG_CXX_LIBRARY = "libc++";
				CLANG_ENABLE_MODULES = YES;
				CLANG_ENABLE_OBJC_ARC = YES;
				CLANG_ENABLE_OBJC_WEAK = YES;
				CLANG_WARN_BLOCK_CAPTURE_AUTORELEASING = YES;
				CLANG_WARN_BOOL_CONVERSION = YES;
				CLANG_WARN_COMMA = YES;
				CLANG_WARN_CONSTANT_CONVERSION = YES;
				CLANG_WARN_DEPRECATED_OBJC_IMPLEMENTATIONS = YES;
				CLANG_WARN_DIRECT_OBJC_ISA_USAGE = YES_ERROR;
				CLANG_WARN_DOCUMENTATION_COMMENTS = YES;
				CLANG_WARN_EMPTY_BODY = YES;
				CLANG_WARN_ENUM_CONVERSION = YES;
				CLANG_WARN_INFINITE_RECURSION = YES;
				CLANG_WARN_INT_CONVERSION = YES;
				CLANG_WARN_NON_LITERAL_NULL_CONVERSION = YES;
				CLANG_WARN_OBJC_IMPLICIT_RETAIN_SELF = YES;
				CLANG_WARN_OBJC_LITERAL_CONVERSION = YES;
				CLANG_WARN_OBJC_ROOT_CLASS = YES_ERROR;
				CLANG_WARN_RANGE_LOOP_ANALYSIS = YES;
				CLANG_WARN_STRICT_PROTOTYPES = YES;
				CLANG_WARN_SUSPICIOUS_MOVE = YES;
				CLANG_WARN_UNGUARDED_AVAILABILITY = YES_AGGRESSIVE;
				CLANG_WARN_UNREACHABLE_CODE = YES;
				CLANG_WARN__DUPLICATE_METHOD_MATCH = YES;
				CODE_SIGN_IDENTITY = "iPhone Developer";
				COPY_PHASE_STRIP = NO;
				DEBUG_INFORMATION_FORMAT = "dwarf-with-dsym";
				ENABLE_NS_ASSERTIONS = NO;
				ENABLE_STRICT_OBJC_MSGSEND = YES;
				GCC_C_LANGUAGE_STANDARD = gnu11;
				GCC_NO_COMMON_BLOCKS = YES;
				GCC_WARN_64_TO_32_BIT_CONVERSION = YES;
				GCC_WARN_ABOUT_RETURN_TYPE = YES_ERROR;
				GCC_WARN_UNDECLARED_SELECTOR = YES;
				GCC_WARN_UNINITIALIZED_AUTOS = YES_AGGRESSIVE;
				GCC_WARN_UNUSED_FUNCTION = YES;
				GCC_WARN_UNUSED_VARIABLE = YES;
				IPHONEOS_DEPLOYMENT_TARGET = 11.3;
				MTL_ENABLE_DEBUG_INFO = NO;
				SDKROOT = iphoneos;
				SWIFT_COMPILATION_MODE = wholemodule;
				SWIFT_OPTIMIZATION_LEVEL = "-O";
				VALIDATE_PRODUCT = YES;
			};
			name = Release;
		};
		76FD3D372096FCCB005657FB /* Debug */ = {
			isa = XCBuildConfiguration;
			baseConfigurationReference = 0752F2C7B510F05A1F244F76 /* Pods-Ticketco.debug.xcconfig */;
			buildSettings = {
				ASSETCATALOG_COMPILER_APPICON_NAME = AppIcon;
				CODE_SIGN_STYLE = Automatic;
				DEVELOPMENT_TEAM = YKGJ3WJN7K;
				INFOPLIST_FILE = Ticketco/Info.plist;
				IPHONEOS_DEPLOYMENT_TARGET = 11.0;
				LD_RUNPATH_SEARCH_PATHS = (
					"$(inherited)",
					"@executable_path/Frameworks",
				);
				PRODUCT_BUNDLE_IDENTIFIER = rm.Ticketco;
				PRODUCT_NAME = "$(TARGET_NAME)";
				SWIFT_VERSION = 4.0;
				TARGETED_DEVICE_FAMILY = 1;
			};
			name = Debug;
		};
		76FD3D382096FCCB005657FB /* Release */ = {
			isa = XCBuildConfiguration;
			baseConfigurationReference = 64E07363F44206F70167D19A /* Pods-Ticketco.release.xcconfig */;
			buildSettings = {
				ASSETCATALOG_COMPILER_APPICON_NAME = AppIcon;
				CODE_SIGN_STYLE = Automatic;
				DEVELOPMENT_TEAM = YKGJ3WJN7K;
				INFOPLIST_FILE = Ticketco/Info.plist;
				IPHONEOS_DEPLOYMENT_TARGET = 11.0;
				LD_RUNPATH_SEARCH_PATHS = (
					"$(inherited)",
					"@executable_path/Frameworks",
				);
				PRODUCT_BUNDLE_IDENTIFIER = rm.Ticketco;
				PRODUCT_NAME = "$(TARGET_NAME)";
				SWIFT_VERSION = 4.0;
				TARGETED_DEVICE_FAMILY = 1;
			};
			name = Release;
		};
/* End XCBuildConfiguration section */

/* Begin XCConfigurationList section */
		76FD3D1F2096FCCA005657FB /* Build configuration list for PBXProject "Ticketco" */ = {
			isa = XCConfigurationList;
			buildConfigurations = (
				76FD3D342096FCCB005657FB /* Debug */,
				76FD3D352096FCCB005657FB /* Release */,
			);
			defaultConfigurationIsVisible = 0;
			defaultConfigurationName = Release;
		};
		76FD3D362096FCCB005657FB /* Build configuration list for PBXNativeTarget "Ticketco" */ = {
			isa = XCConfigurationList;
			buildConfigurations = (
				76FD3D372096FCCB005657FB /* Debug */,
				76FD3D382096FCCB005657FB /* Release */,
			);
			defaultConfigurationIsVisible = 0;
			defaultConfigurationName = Release;
		};
/* End XCConfigurationList section */
	};
	rootObject = 76FD3D1C2096FCCA005657FB /* Project object */;
}
